PODS:
  - Alamofire (5.6.1)
  - Moya (14.0.0):
    - Moya/Core (= 14.0.0)
  - Moya-ObjectMapper (2.9):
    - Moya-ObjectMapper/Core (= 2.9)
  - Moya-ObjectMapper/Core (2.9):
    - Moya (~> 14.0.0-beta.6)
    - ObjectMapper
  - Moya/Core (14.0.0):
    - Alamofire (~> 5.0)
  - ObjectMapper (4.2.0)
  - Realm (10.28.1):
    - Realm/Headers (= 10.28.1)
  - Realm/Headers (10.28.1)
  - RealmSwift (10.28.1):
    - Realm (= 10.28.1)

DEPENDENCIES:
  - Moya
  - Moya-ObjectMapper
  - RealmSwift

SPEC REPOS:
  trunk:
    - Alamofire
    - Moya
    - Moya-ObjectMapper
    - ObjectMapper
    - Realm
    - RealmSwift

SPEC CHECKSUMS:
  Alamofire: 87bd8c952f9a4454320fce00d9cc3de57bcadaf5
  Moya: 5b45dacb75adb009f97fde91c204c1e565d31916
  Moya-ObjectMapper: 967a99d9ea3aa9c93ddbe112aeca3667f53bfe93
  ObjectMapper: 1eb41f610210777375fa806bf161dc39fb832b81
  Realm: f4674e0e7ee537f67a78d79bd8319bc777d61d06
  RealmSwift: 0e0e4786685c4442bf56d3831dfefb5fa05d6fd6

PODFILE CHECKSUM: 3024f9c0019b67725a1447edb5298724d5720213

COCOAPODS: 1.11.3
