// !$*UTF8*$!
{
	archiveVersion = 1;
	classes = {
	};
	objectVersion = 55;
	objects = {

/* Begin PBXBuildFile section */
		8483B5032881684E005F834C /* SavedImages.swift in Sources */ = {isa = PBXBuildFile; fileRef = 8483B5022881684E005F834C /* SavedImages.swift */; };
		8483B5062881754A005F834C /* RealmManager.swift in Sources */ = {isa = PBXBuildFile; fileRef = 8483B5052881754A005F834C /* RealmManager.swift */; };
		8483B50B2881935B005F834C /* HistoryCell.swift in Sources */ = {isa = PBXBuildFile; fileRef = 8483B5092881935B005F834C /* HistoryCell.swift */; };
		8483B50C2881935B005F834C /* HistoryCell.xib in Resources */ = {isa = PBXBuildFile; fileRef = 8483B50A2881935B005F834C /* HistoryCell.xib */; };
		84A2482B2859199D007EED94 /* AppDelegate.swift in Sources */ = {isa = PBXBuildFile; fileRef = 84A2482A2859199D007EED94 /* AppDelegate.swift */; };
		84A2482D2859199D007EED94 /* SceneDelegate.swift in Sources */ = {isa = PBXBuildFile; fileRef = 84A2482C2859199D007EED94 /* SceneDelegate.swift */; };
		84A2482F2859199D007EED94 /* ViewController.swift in Sources */ = {isa = PBXBuildFile; fileRef = 84A2482E2859199D007EED94 /* ViewController.swift */; };
		84A248322859199D007EED94 /* Main.storyboard in Resources */ = {isa = PBXBuildFile; fileRef = 84A248302859199D007EED94 /* Main.storyboard */; };
		84A248342859199F007EED94 /* Assets.xcassets in Resources */ = {isa = PBXBuildFile; fileRef = 84A248332859199F007EED94 /* Assets.xcassets */; };
		84A248372859199F007EED94 /* LaunchScreen.storyboard in Resources */ = {isa = PBXBuildFile; fileRef = 84A248352859199F007EED94 /* LaunchScreen.storyboard */; };
		84A24840285919D8007EED94 /* BarController.swift in Sources */ = {isa = PBXBuildFile; fileRef = 84A2483F285919D8007EED94 /* BarController.swift */; };
		84A2484928591A95007EED94 /* HistoryVC.swift in Sources */ = {isa = PBXBuildFile; fileRef = 84A2484728591A95007EED94 /* HistoryVC.swift */; };
		84A2484A28591A95007EED94 /* HistoryVC.xib in Resources */ = {isa = PBXBuildFile; fileRef = 84A2484828591A95007EED94 /* HistoryVC.xib */; };
		84A2485028591B5B007EED94 /* PhotoVC.swift in Sources */ = {isa = PBXBuildFile; fileRef = 84A2484E28591B5B007EED94 /* PhotoVC.swift */; };
		84A2485128591B5B007EED94 /* PhotoVC.xib in Resources */ = {isa = PBXBuildFile; fileRef = 84A2484F28591B5B007EED94 /* PhotoVC.xib */; };
		84A2486028591C0B007EED94 /* SavedPicVC.swift in Sources */ = {isa = PBXBuildFile; fileRef = 84A2485E28591C0B007EED94 /* SavedPicVC.swift */; };
		84A2486128591C0B007EED94 /* SavedPicVC.xib in Resources */ = {isa = PBXBuildFile; fileRef = 84A2485F28591C0B007EED94 /* SavedPicVC.xib */; };
		84A248662860AD4E007EED94 /* ResultVC.swift in Sources */ = {isa = PBXBuildFile; fileRef = 84A248642860AD4E007EED94 /* ResultVC.swift */; };
		84A248672860AD4E007EED94 /* ResultVC.xib in Resources */ = {isa = PBXBuildFile; fileRef = 84A248652860AD4E007EED94 /* ResultVC.xib */; };
		84A2486B2860ADF6007EED94 /* HomeVC.swift in Sources */ = {isa = PBXBuildFile; fileRef = 84A248692860ADF6007EED94 /* HomeVC.swift */; };
		84A2486C2860ADF6007EED94 /* HomeVC.xib in Resources */ = {isa = PBXBuildFile; fileRef = 84A2486A2860ADF6007EED94 /* HomeVC.xib */; };
		84A248702860B21F007EED94 /* EffectCell.swift in Sources */ = {isa = PBXBuildFile; fileRef = 84A2486E2860B21F007EED94 /* EffectCell.swift */; };
		84A248712860B21F007EED94 /* EffectCell.xib in Resources */ = {isa = PBXBuildFile; fileRef = 84A2486F2860B21F007EED94 /* EffectCell.xib */; };
		84A248762860CA02007EED94 /* EffectModel.swift in Sources */ = {isa = PBXBuildFile; fileRef = 84A248752860CA02007EED94 /* EffectModel.swift */; };
		84A248992871AD4C007EED94 /* MorphApi.swift in Sources */ = {isa = PBXBuildFile; fileRef = 84A248982871AD4C007EED94 /* MorphApi.swift */; };
		84A2489B2871AD66007EED94 /* NetworkManager.swift in Sources */ = {isa = PBXBuildFile; fileRef = 84A2489A2871AD66007EED94 /* NetworkManager.swift */; };
		84D7C0F4287588D700AF33FA /* PostApiResponse.swift in Sources */ = {isa = PBXBuildFile; fileRef = 84D7C0F3287588D700AF33FA /* PostApiResponse.swift */; };
		F44DCBD5BAFCF9641545F0FE /* Pods_PhotoMorph.framework in Frameworks */ = {isa = PBXBuildFile; fileRef = 03AF8637ACBDFD6C62538FAF /* Pods_PhotoMorph.framework */; };
/* End PBXBuildFile section */

/* Begin PBXFileReference section */
		03AF8637ACBDFD6C62538FAF /* Pods_PhotoMorph.framework */ = {isa = PBXFileReference; explicitFileType = wrapper.framework; includeInIndex = 0; path = Pods_PhotoMorph.framework; sourceTree = BUILT_PRODUCTS_DIR; };
		7A92ABF3DBF16170A25C615A /* Pods-PhotoMorph.debug.xcconfig */ = {isa = PBXFileReference; includeInIndex = 1; lastKnownFileType = text.xcconfig; name = "Pods-PhotoMorph.debug.xcconfig"; path = "Target Support Files/Pods-PhotoMorph/Pods-PhotoMorph.debug.xcconfig"; sourceTree = "<group>"; };
		8483B5022881684E005F834C /* SavedImages.swift */ = {isa = PBXFileReference; lastKnownFileType = sourcecode.swift; path = SavedImages.swift; sourceTree = "<group>"; };
		8483B5052881754A005F834C /* RealmManager.swift */ = {isa = PBXFileReference; lastKnownFileType = sourcecode.swift; path = RealmManager.swift; sourceTree = "<group>"; };
		8483B5092881935B005F834C /* HistoryCell.swift */ = {isa = PBXFileReference; lastKnownFileType = sourcecode.swift; path = HistoryCell.swift; sourceTree = "<group>"; };
		8483B50A2881935B005F834C /* HistoryCell.xib */ = {isa = PBXFileReference; lastKnownFileType = file.xib; path = HistoryCell.xib; sourceTree = "<group>"; };
		84A248272859199D007EED94 /* PhotoMorph.app */ = {isa = PBXFileReference; explicitFileType = wrapper.application; includeInIndex = 0; path = PhotoMorph.app; sourceTree = BUILT_PRODUCTS_DIR; };
		84A2482A2859199D007EED94 /* AppDelegate.swift */ = {isa = PBXFileReference; lastKnownFileType = sourcecode.swift; path = AppDelegate.swift; sourceTree = "<group>"; };
		84A2482C2859199D007EED94 /* SceneDelegate.swift */ = {isa = PBXFileReference; lastKnownFileType = sourcecode.swift; path = SceneDelegate.swift; sourceTree = "<group>"; };
		84A2482E2859199D007EED94 /* ViewController.swift */ = {isa = PBXFileReference; lastKnownFileType = sourcecode.swift; path = ViewController.swift; sourceTree = "<group>"; };
		84A248312859199D007EED94 /* Base */ = {isa = PBXFileReference; lastKnownFileType = file.storyboard; name = Base; path = Base.lproj/Main.storyboard; sourceTree = "<group>"; };
		84A248332859199F007EED94 /* Assets.xcassets */ = {isa = PBXFileReference; lastKnownFileType = folder.assetcatalog; path = Assets.xcassets; sourceTree = "<group>"; };
		84A248362859199F007EED94 /* Base */ = {isa = PBXFileReference; lastKnownFileType = file.storyboard; name = Base; path = Base.lproj/LaunchScreen.storyboard; sourceTree = "<group>"; };
		84A248382859199F007EED94 /* Info.plist */ = {isa = PBXFileReference; lastKnownFileType = text.plist.xml; path = Info.plist; sourceTree = "<group>"; };
		84A2483F285919D8007EED94 /* BarController.swift */ = {isa = PBXFileReference; lastKnownFileType = sourcecode.swift; path = BarController.swift; sourceTree = "<group>"; };
		84A2484728591A95007EED94 /* HistoryVC.swift */ = {isa = PBXFileReference; lastKnownFileType = sourcecode.swift; path = HistoryVC.swift; sourceTree = "<group>"; };
		84A2484828591A95007EED94 /* HistoryVC.xib */ = {isa = PBXFileReference; lastKnownFileType = file.xib; path = HistoryVC.xib; sourceTree = "<group>"; };
		84A2484E28591B5B007EED94 /* PhotoVC.swift */ = {isa = PBXFileReference; lastKnownFileType = sourcecode.swift; path = PhotoVC.swift; sourceTree = "<group>"; };
		84A2484F28591B5B007EED94 /* PhotoVC.xib */ = {isa = PBXFileReference; lastKnownFileType = file.xib; path = PhotoVC.xib; sourceTree = "<group>"; };
		84A2485E28591C0B007EED94 /* SavedPicVC.swift */ = {isa = PBXFileReference; lastKnownFileType = sourcecode.swift; path = SavedPicVC.swift; sourceTree = "<group>"; };
		84A2485F28591C0B007EED94 /* SavedPicVC.xib */ = {isa = PBXFileReference; lastKnownFileType = file.xib; path = SavedPicVC.xib; sourceTree = "<group>"; };
		84A248642860AD4E007EED94 /* ResultVC.swift */ = {isa = PBXFileReference; lastKnownFileType = sourcecode.swift; path = ResultVC.swift; sourceTree = "<group>"; };
		84A248652860AD4E007EED94 /* ResultVC.xib */ = {isa = PBXFileReference; lastKnownFileType = file.xib; path = ResultVC.xib; sourceTree = "<group>"; };
		84A248692860ADF6007EED94 /* HomeVC.swift */ = {isa = PBXFileReference; lastKnownFileType = sourcecode.swift; path = HomeVC.swift; sourceTree = "<group>"; };
		84A2486A2860ADF6007EED94 /* HomeVC.xib */ = {isa = PBXFileReference; lastKnownFileType = file.xib; path = HomeVC.xib; sourceTree = "<group>"; };
		84A2486E2860B21F007EED94 /* EffectCell.swift */ = {isa = PBXFileReference; lastKnownFileType = sourcecode.swift; path = EffectCell.swift; sourceTree = "<group>"; };
		84A2486F2860B21F007EED94 /* EffectCell.xib */ = {isa = PBXFileReference; lastKnownFileType = file.xib; path = EffectCell.xib; sourceTree = "<group>"; };
		84A248752860CA02007EED94 /* EffectModel.swift */ = {isa = PBXFileReference; lastKnownFileType = sourcecode.swift; path = EffectModel.swift; sourceTree = "<group>"; };
		84A248982871AD4C007EED94 /* MorphApi.swift */ = {isa = PBXFileReference; lastKnownFileType = sourcecode.swift; path = MorphApi.swift; sourceTree = "<group>"; };
		84A2489A2871AD66007EED94 /* NetworkManager.swift */ = {isa = PBXFileReference; lastKnownFileType = sourcecode.swift; path = NetworkManager.swift; sourceTree = "<group>"; };
		84D7C0F3287588D700AF33FA /* PostApiResponse.swift */ = {isa = PBXFileReference; lastKnownFileType = sourcecode.swift; path = PostApiResponse.swift; sourceTree = "<group>"; };
		968330956C6E5467C4028CC9 /* Pods-PhotoMorph.release.xcconfig */ = {isa = PBXFileReference; includeInIndex = 1; lastKnownFileType = text.xcconfig; name = "Pods-PhotoMorph.release.xcconfig"; path = "Target Support Files/Pods-PhotoMorph/Pods-PhotoMorph.release.xcconfig"; sourceTree = "<group>"; };
/* End PBXFileReference section */

/* Begin PBXFrameworksBuildPhase section */
		84A248242859199D007EED94 /* Frameworks */ = {
			isa = PBXFrameworksBuildPhase;
			buildActionMask = 2147483647;
			files = (
				F44DCBD5BAFCF9641545F0FE /* Pods_PhotoMorph.framework in Frameworks */,
			);
			runOnlyForDeploymentPostprocessing = 0;
		};
/* End PBXFrameworksBuildPhase section */

/* Begin PBXGroup section */
		23859558D65E61D7B8CD4110 /* Pods */ = {
			isa = PBXGroup;
			children = (
				7A92ABF3DBF16170A25C615A /* Pods-PhotoMorph.debug.xcconfig */,
				968330956C6E5467C4028CC9 /* Pods-PhotoMorph.release.xcconfig */,
			);
			path = Pods;
			sourceTree = "<group>";
		};
		708AEED41170AF10B559C919 /* Frameworks */ = {
			isa = PBXGroup;
			children = (
				03AF8637ACBDFD6C62538FAF /* Pods_PhotoMorph.framework */,
			);
			name = Frameworks;
			sourceTree = "<group>";
		};
		8483B5042881752B005F834C /* Manager */ = {
			isa = PBXGroup;
			children = (
				8483B5052881754A005F834C /* RealmManager.swift */,
			);
			path = Manager;
			sourceTree = "<group>";
		};
		8483B5072881931A005F834C /* EffectCollectionCell */ = {
			isa = PBXGroup;
			children = (
				84A2486F2860B21F007EED94 /* EffectCell.xib */,
				84A2486E2860B21F007EED94 /* EffectCell.swift */,
			);
			path = EffectCollectionCell;
			sourceTree = "<group>";
		};
		8483B50828819337005F834C /* HistoryTableCell */ = {
			isa = PBXGroup;
			children = (
				8483B5092881935B005F834C /* HistoryCell.swift */,
				8483B50A2881935B005F834C /* HistoryCell.xib */,
			);
			path = HistoryTableCell;
			sourceTree = "<group>";
		};
		84A2481E2859199D007EED94 = {
			isa = PBXGroup;
			children = (
				84A248292859199D007EED94 /* PhotoMorph */,
				84A248282859199D007EED94 /* Products */,
				23859558D65E61D7B8CD4110 /* Pods */,
				708AEED41170AF10B559C919 /* Frameworks */,
			);
			sourceTree = "<group>";
		};
		84A248282859199D007EED94 /* Products */ = {
			isa = PBXGroup;
			children = (
				84A248272859199D007EED94 /* PhotoMorph.app */,
			);
			name = Products;
			sourceTree = "<group>";
		};
		84A248292859199D007EED94 /* PhotoMorph */ = {
			isa = PBXGroup;
			children = (
				8483B5042881752B005F834C /* Manager */,
				84A248972871ACF4007EED94 /* MorphApi */,
				84A248722860BD1C007EED94 /* Models */,
				84A2486D2860B1A6007EED94 /* EffectsCells */,
				84A2483E285919A4007EED94 /* Controllers */,
				84A2482A2859199D007EED94 /* AppDelegate.swift */,
				84A2482C2859199D007EED94 /* SceneDelegate.swift */,
				84A2482E2859199D007EED94 /* ViewController.swift */,
				84A248302859199D007EED94 /* Main.storyboard */,
				84A248332859199F007EED94 /* Assets.xcassets */,
				84A248352859199F007EED94 /* LaunchScreen.storyboard */,
				84A248382859199F007EED94 /* Info.plist */,
			);
			path = PhotoMorph;
			sourceTree = "<group>";
		};
		84A2483E285919A4007EED94 /* Controllers */ = {
			isa = PBXGroup;
			children = (
				84A2484B28591AD8007EED94 /* HomeBar */,
				84A2484C28591AF3007EED94 /* HistoryBar */,
				84A2483F285919D8007EED94 /* BarController.swift */,
			);
			path = Controllers;
			sourceTree = "<group>";
		};
		84A2484228591A58007EED94 /* HistoryVC */ = {
			isa = PBXGroup;
			children = (
				84A2484728591A95007EED94 /* HistoryVC.swift */,
				84A2484828591A95007EED94 /* HistoryVC.xib */,
			);
			path = HistoryVC;
			sourceTree = "<group>";
		};
		84A2484B28591AD8007EED94 /* HomeBar */ = {
			isa = PBXGroup;
			children = (
				84A248682860ADE3007EED94 /* HomeVC */,
				84A2484D28591B17007EED94 /* PhotoVC */,
				84A248622860AD00007EED94 /* ResultVC */,
			);
			path = HomeBar;
			sourceTree = "<group>";
		};
		84A2484C28591AF3007EED94 /* HistoryBar */ = {
			isa = PBXGroup;
			children = (
				84A2484228591A58007EED94 /* HistoryVC */,
				84A2485D28591BE6007EED94 /* SavedPicVC */,
			);
			path = HistoryBar;
			sourceTree = "<group>";
		};
		84A2484D28591B17007EED94 /* PhotoVC */ = {
			isa = PBXGroup;
			children = (
				84A2484E28591B5B007EED94 /* PhotoVC.swift */,
				84A2484F28591B5B007EED94 /* PhotoVC.xib */,
			);
			path = PhotoVC;
			sourceTree = "<group>";
		};
		84A2485D28591BE6007EED94 /* SavedPicVC */ = {
			isa = PBXGroup;
			children = (
				84A2485E28591C0B007EED94 /* SavedPicVC.swift */,
				84A2485F28591C0B007EED94 /* SavedPicVC.xib */,
			);
			path = SavedPicVC;
			sourceTree = "<group>";
		};
		84A248622860AD00007EED94 /* ResultVC */ = {
			isa = PBXGroup;
			children = (
				84A248642860AD4E007EED94 /* ResultVC.swift */,
				84A248652860AD4E007EED94 /* ResultVC.xib */,
			);
			path = ResultVC;
			sourceTree = "<group>";
		};
		84A248682860ADE3007EED94 /* HomeVC */ = {
			isa = PBXGroup;
			children = (
				84A248692860ADF6007EED94 /* HomeVC.swift */,
				84A2486A2860ADF6007EED94 /* HomeVC.xib */,
			);
			path = HomeVC;
			sourceTree = "<group>";
		};
		84A2486D2860B1A6007EED94 /* EffectsCells */ = {
			isa = PBXGroup;
			children = (
				8483B50828819337005F834C /* HistoryTableCell */,
				8483B5072881931A005F834C /* EffectCollectionCell */,
			);
			path = EffectsCells;
			sourceTree = "<group>";
		};
		84A248722860BD1C007EED94 /* Models */ = {
			isa = PBXGroup;
			children = (
				84A248752860CA02007EED94 /* EffectModel.swift */,
				84D7C0F3287588D700AF33FA /* PostApiResponse.swift */,
				8483B5022881684E005F834C /* SavedImages.swift */,
			);
			path = Models;
			sourceTree = "<group>";
		};
		84A248972871ACF4007EED94 /* MorphApi */ = {
			isa = PBXGroup;
			children = (
				84A248982871AD4C007EED94 /* MorphApi.swift */,
				84A2489A2871AD66007EED94 /* NetworkManager.swift */,
			);
			path = MorphApi;
			sourceTree = "<group>";
		};
/* End PBXGroup section */

/* Begin PBXNativeTarget section */
		84A248262859199D007EED94 /* PhotoMorph */ = {
			isa = PBXNativeTarget;
			buildConfigurationList = 84A2483B2859199F007EED94 /* Build configuration list for PBXNativeTarget "PhotoMorph" */;
			buildPhases = (
				14D1FE2C2233F3EC09C2F6A5 /* [CP] Check Pods Manifest.lock */,
				84A248232859199D007EED94 /* Sources */,
				84A248242859199D007EED94 /* Frameworks */,
				84A248252859199D007EED94 /* Resources */,
				9CB12BF9C3FA8ACC3D0498E7 /* [CP] Embed Pods Frameworks */,
			);
			buildRules = (
			);
			dependencies = (
			);
			name = PhotoMorph;
			productName = PhotoMorph;
			productReference = 84A248272859199D007EED94 /* PhotoMorph.app */;
			productType = "com.apple.product-type.application";
		};
/* End PBXNativeTarget section */

/* Begin PBXProject section */
		84A2481F2859199D007EED94 /* Project object */ = {
			isa = PBXProject;
			attributes = {
				BuildIndependentTargetsInParallel = 1;
				LastSwiftUpdateCheck = 1340;
				LastUpgradeCheck = 1340;
				TargetAttributes = {
					84A248262859199D007EED94 = {
						CreatedOnToolsVersion = 13.4;
					};
				};
			};
			buildConfigurationList = 84A248222859199D007EED94 /* Build configuration list for PBXProject "PhotoMorph" */;
			compatibilityVersion = "Xcode 13.0";
			developmentRegion = en;
			hasScannedForEncodings = 0;
			knownRegions = (
				en,
				Base,
			);
			mainGroup = 84A2481E2859199D007EED94;
			productRefGroup = 84A248282859199D007EED94 /* Products */;
			projectDirPath = "";
			projectRoot = "";
			targets = (
				84A248262859199D007EED94 /* PhotoMorph */,
			);
		};
/* End PBXProject section */

/* Begin PBXResourcesBuildPhase section */
		84A248252859199D007EED94 /* Resources */ = {
			isa = PBXResourcesBuildPhase;
			buildActionMask = 2147483647;
			files = (
				84A248712860B21F007EED94 /* EffectCell.xib in Resources */,
				84A248372859199F007EED94 /* LaunchScreen.storyboard in Resources */,
				8483B50C2881935B005F834C /* HistoryCell.xib in Resources */,
				84A2486128591C0B007EED94 /* SavedPicVC.xib in Resources */,
				84A2484A28591A95007EED94 /* HistoryVC.xib in Resources */,
				84A2486C2860ADF6007EED94 /* HomeVC.xib in Resources */,
				84A2485128591B5B007EED94 /* PhotoVC.xib in Resources */,
				84A248342859199F007EED94 /* Assets.xcassets in Resources */,
				84A248322859199D007EED94 /* Main.storyboard in Resources */,
				84A248672860AD4E007EED94 /* ResultVC.xib in Resources */,
			);
			runOnlyForDeploymentPostprocessing = 0;
		};
/* End PBXResourcesBuildPhase section */

/* Begin PBXShellScriptBuildPhase section */
		14D1FE2C2233F3EC09C2F6A5 /* [CP] Check Pods Manifest.lock */ = {
			isa = PBXShellScriptBuildPhase;
			buildActionMask = 2147483647;
			files = (
			);
			inputFileListPaths = (
			);
			inputPaths = (
				"${PODS_PODFILE_DIR_PATH}/Podfile.lock",
				"${PODS_ROOT}/Manifest.lock",
			);
			name = "[CP] Check Pods Manifest.lock";
			outputFileListPaths = (
			);
			outputPaths = (
				"$(DERIVED_FILE_DIR)/Pods-PhotoMorph-checkManifestLockResult.txt",
			);
			runOnlyForDeploymentPostprocessing = 0;
			shellPath = /bin/sh;
			shellScript = "diff \"${PODS_PODFILE_DIR_PATH}/Podfile.lock\" \"${PODS_ROOT}/Manifest.lock\" > /dev/null\nif [ $? != 0 ] ; then\n    # print error to STDERR\n    echo \"error: The sandbox is not in sync with the Podfile.lock. Run 'pod install' or update your CocoaPods installation.\" >&2\n    exit 1\nfi\n# This output is used by Xcode 'outputs' to avoid re-running this script phase.\necho \"SUCCESS\" > \"${SCRIPT_OUTPUT_FILE_0}\"\n";
			showEnvVarsInLog = 0;
		};
		9CB12BF9C3FA8ACC3D0498E7 /* [CP] Embed Pods Frameworks */ = {
			isa = PBXShellScriptBuildPhase;
			buildActionMask = 2147483647;
			files = (
			);
			inputFileListPaths = (
				"${PODS_ROOT}/Target Support Files/Pods-PhotoMorph/Pods-PhotoMorph-frameworks-${CONFIGURATION}-input-files.xcfilelist",
			);
			name = "[CP] Embed Pods Frameworks";
			outputFileListPaths = (
				"${PODS_ROOT}/Target Support Files/Pods-PhotoMorph/Pods-PhotoMorph-frameworks-${CONFIGURATION}-output-files.xcfilelist",
			);
			runOnlyForDeploymentPostprocessing = 0;
			shellPath = /bin/sh;
			shellScript = "\"${PODS_ROOT}/Target Support Files/Pods-PhotoMorph/Pods-PhotoMorph-frameworks.sh\"\n";
			showEnvVarsInLog = 0;
		};
/* End PBXShellScriptBuildPhase section */

/* Begin PBXSourcesBuildPhase section */
		84A248232859199D007EED94 /* Sources */ = {
			isa = PBXSourcesBuildPhase;
			buildActionMask = 2147483647;
			files = (
				84A2482F2859199D007EED94 /* ViewController.swift in Sources */,
				84A2486B2860ADF6007EED94 /* HomeVC.swift in Sources */,
				84A2484928591A95007EED94 /* HistoryVC.swift in Sources */,
				84D7C0F4287588D700AF33FA /* PostApiResponse.swift in Sources */,
				8483B5032881684E005F834C /* SavedImages.swift in Sources */,
				8483B5062881754A005F834C /* RealmManager.swift in Sources */,
				84A2482B2859199D007EED94 /* AppDelegate.swift in Sources */,
				84A248762860CA02007EED94 /* EffectModel.swift in Sources */,
				84A248992871AD4C007EED94 /* MorphApi.swift in Sources */,
				84A248702860B21F007EED94 /* EffectCell.swift in Sources */,
				84A248662860AD4E007EED94 /* ResultVC.swift in Sources */,
				8483B50B2881935B005F834C /* HistoryCell.swift in Sources */,
				84A2482D2859199D007EED94 /* SceneDelegate.swift in Sources */,
				84A2489B2871AD66007EED94 /* NetworkManager.swift in Sources */,
				84A2486028591C0B007EED94 /* SavedPicVC.swift in Sources */,
				84A24840285919D8007EED94 /* BarController.swift in Sources */,
				84A2485028591B5B007EED94 /* PhotoVC.swift in Sources */,
			);
			runOnlyForDeploymentPostprocessing = 0;
		};
/* End PBXSourcesBuildPhase section */

/* Begin PBXVariantGroup section */
		84A248302859199D007EED94 /* Main.storyboard */ = {
			isa = PBXVariantGroup;
			children = (
				84A248312859199D007EED94 /* Base */,
			);
			name = Main.storyboard;
			sourceTree = "<group>";
		};
		84A248352859199F007EED94 /* LaunchScreen.storyboard */ = {
			isa = PBXVariantGroup;
			children = (
				84A248362859199F007EED94 /* Base */,
			);
			name = LaunchScreen.storyboard;
			sourceTree = "<group>";
		};
/* End PBXVariantGroup section */

/* Begin XCBuildConfiguration section */
		84A248392859199F007EED94 /* Debug */ = {
			isa = XCBuildConfiguration;
			buildSettings = {
				ALWAYS_SEARCH_USER_PATHS = NO;
				CLANG_ANALYZER_NONNULL = YES;
				CLANG_ANALYZER_NUMBER_OBJECT_CONVERSION = YES_AGGRESSIVE;
				CLANG_CXX_LANGUAGE_STANDARD = "gnu++17";
				CLANG_ENABLE_MODULES = YES;
				CLANG_ENABLE_OBJC_ARC = YES;
				CLANG_ENABLE_OBJC_WEAK = YES;
				CLANG_WARN_BLOCK_CAPTURE_AUTORELEASING = YES;
				CLANG_WARN_BOOL_CONVERSION = YES;
				CLANG_WARN_COMMA = YES;
				CLANG_WARN_CONSTANT_CONVERSION = YES;
				CLANG_WARN_DEPRECATED_OBJC_IMPLEMENTATIONS = YES;
				CLANG_WARN_DIRECT_OBJC_ISA_USAGE = YES_ERROR;
				CLANG_WARN_DOCUMENTATION_COMMENTS = YES;
				CLANG_WARN_EMPTY_BODY = YES;
				CLANG_WARN_ENUM_CONVERSION = YES;
				CLANG_WARN_INFINITE_RECURSION = YES;
				CLANG_WARN_INT_CONVERSION = YES;
				CLANG_WARN_NON_LITERAL_NULL_CONVERSION = YES;
				CLANG_WARN_OBJC_IMPLICIT_RETAIN_SELF = YES;
				CLANG_WARN_OBJC_LITERAL_CONVERSION = YES;
				CLANG_WARN_OBJC_ROOT_CLASS = YES_ERROR;
				CLANG_WARN_QUOTED_INCLUDE_IN_FRAMEWORK_HEADER = YES;
				CLANG_WARN_RANGE_LOOP_ANALYSIS = YES;
				CLANG_WARN_STRICT_PROTOTYPES = YES;
				CLANG_WARN_SUSPICIOUS_MOVE = YES;
				CLANG_WARN_UNGUARDED_AVAILABILITY = YES_AGGRESSIVE;
				CLANG_WARN_UNREACHABLE_CODE = YES;
				CLANG_WARN__DUPLICATE_METHOD_MATCH = YES;
				COPY_PHASE_STRIP = NO;
				DEBUG_INFORMATION_FORMAT = dwarf;
				ENABLE_STRICT_OBJC_MSGSEND = YES;
				ENABLE_TESTABILITY = YES;
				GCC_C_LANGUAGE_STANDARD = gnu11;
				GCC_DYNAMIC_NO_PIC = NO;
				GCC_NO_COMMON_BLOCKS = YES;
				GCC_OPTIMIZATION_LEVEL = 0;
				GCC_PREPROCESSOR_DEFINITIONS = (
					"DEBUG=1",
					"$(inherited)",
				);
				GCC_WARN_64_TO_32_BIT_CONVERSION = YES;
				GCC_WARN_ABOUT_RETURN_TYPE = YES_ERROR;
				GCC_WARN_UNDECLARED_SELECTOR = YES;
				GCC_WARN_UNINITIALIZED_AUTOS = YES_AGGRESSIVE;
				GCC_WARN_UNUSED_FUNCTION = YES;
				GCC_WARN_UNUSED_VARIABLE = YES;
				IPHONEOS_DEPLOYMENT_TARGET = 15.5;
				MTL_ENABLE_DEBUG_INFO = INCLUDE_SOURCE;
				MTL_FAST_MATH = YES;
				ONLY_ACTIVE_ARCH = YES;
				SDKROOT = iphoneos;
				SWIFT_ACTIVE_COMPILATION_CONDITIONS = DEBUG;
				SWIFT_OPTIMIZATION_LEVEL = "-Onone";
			};
			name = Debug;
		};
		84A2483A2859199F007EED94 /* Release */ = {
			isa = XCBuildConfiguration;
			buildSettings = {
				ALWAYS_SEARCH_USER_PATHS = NO;
				CLANG_ANALYZER_NONNULL = YES;
				CLANG_ANALYZER_NUMBER_OBJECT_CONVERSION = YES_AGGRESSIVE;
				CLANG_CXX_LANGUAGE_STANDARD = "gnu++17";
				CLANG_ENABLE_MODULES = YES;
				CLANG_ENABLE_OBJC_ARC = YES;
				CLANG_ENABLE_OBJC_WEAK = YES;
				CLANG_WARN_BLOCK_CAPTURE_AUTORELEASING = YES;
				CLANG_WARN_BOOL_CONVERSION = YES;
				CLANG_WARN_COMMA = YES;
				CLANG_WARN_CONSTANT_CONVERSION = YES;
				CLANG_WARN_DEPRECATED_OBJC_IMPLEMENTATIONS = YES;
				CLANG_WARN_DIRECT_OBJC_ISA_USAGE = YES_ERROR;
				CLANG_WARN_DOCUMENTATION_COMMENTS = YES;
				CLANG_WARN_EMPTY_BODY = YES;
				CLANG_WARN_ENUM_CONVERSION = YES;
				CLANG_WARN_INFINITE_RECURSION = YES;
				CLANG_WARN_INT_CONVERSION = YES;
				CLANG_WARN_NON_LITERAL_NULL_CONVERSION = YES;
				CLANG_WARN_OBJC_IMPLICIT_RETAIN_SELF = YES;
				CLANG_WARN_OBJC_LITERAL_CONVERSION = YES;
				CLANG_WARN_OBJC_ROOT_CLASS = YES_ERROR;
				CLANG_WARN_QUOTED_INCLUDE_IN_FRAMEWORK_HEADER = YES;
				CLANG_WARN_RANGE_LOOP_ANALYSIS = YES;
				CLANG_WARN_STRICT_PROTOTYPES = YES;
				CLANG_WARN_SUSPICIOUS_MOVE = YES;
				CLANG_WARN_UNGUARDED_AVAILABILITY = YES_AGGRESSIVE;
				CLANG_WARN_UNREACHABLE_CODE = YES;
				CLANG_WARN__DUPLICATE_METHOD_MATCH = YES;
				COPY_PHASE_STRIP = NO;
				DEBUG_INFORMATION_FORMAT = "dwarf-with-dsym";
				ENABLE_NS_ASSERTIONS = NO;
				ENABLE_STRICT_OBJC_MSGSEND = YES;
				GCC_C_LANGUAGE_STANDARD = gnu11;
				GCC_NO_COMMON_BLOCKS = YES;
				GCC_WARN_64_TO_32_BIT_CONVERSION = YES;
				GCC_WARN_ABOUT_RETURN_TYPE = YES_ERROR;
				GCC_WARN_UNDECLARED_SELECTOR = YES;
				GCC_WARN_UNINITIALIZED_AUTOS = YES_AGGRESSIVE;
				GCC_WARN_UNUSED_FUNCTION = YES;
				GCC_WARN_UNUSED_VARIABLE = YES;
				IPHONEOS_DEPLOYMENT_TARGET = 15.5;
				MTL_ENABLE_DEBUG_INFO = NO;
				MTL_FAST_MATH = YES;
				SDKROOT = iphoneos;
				SWIFT_COMPILATION_MODE = wholemodule;
				SWIFT_OPTIMIZATION_LEVEL = "-O";
				VALIDATE_PRODUCT = YES;
			};
			name = Release;
		};
		84A2483C2859199F007EED94 /* Debug */ = {
			isa = XCBuildConfiguration;
			baseConfigurationReference = 7A92ABF3DBF16170A25C615A /* Pods-PhotoMorph.debug.xcconfig */;
			buildSettings = {
				ASSETCATALOG_COMPILER_APPICON_NAME = AppIcon;
				ASSETCATALOG_COMPILER_GLOBAL_ACCENT_COLOR_NAME = AccentColor;
				CODE_SIGN_STYLE = Automatic;
				CURRENT_PROJECT_VERSION = 1;
				DEVELOPMENT_TEAM = QD62J8ZP43;
				GENERATE_INFOPLIST_FILE = YES;
				INFOPLIST_FILE = PhotoMorph/Info.plist;
				INFOPLIST_KEY_NSCameraUsageDescription = "Разрешите доступ к камере";
				INFOPLIST_KEY_UIApplicationSupportsIndirectInputEvents = YES;
				INFOPLIST_KEY_UILaunchStoryboardName = LaunchScreen;
				INFOPLIST_KEY_UIMainStoryboardFile = Main;
				INFOPLIST_KEY_UISupportedInterfaceOrientations = "";
				INFOPLIST_KEY_UISupportedInterfaceOrientations_iPad = UIInterfaceOrientationPortrait;
				INFOPLIST_KEY_UISupportedInterfaceOrientations_iPhone = "UIInterfaceOrientationPortrait UIInterfaceOrientationLandscapeLeft UIInterfaceOrientationLandscapeRight";
				LD_RUNPATH_SEARCH_PATHS = (
					"$(inherited)",
					"@executable_path/Frameworks",
				);
				MARKETING_VERSION = 1.0;
				PRODUCT_BUNDLE_IDENTIFIER = alina.see.PhotoMorph;
				PRODUCT_NAME = "$(TARGET_NAME)";
				SWIFT_EMIT_LOC_STRINGS = YES;
				SWIFT_VERSION = 5.0;
				TARGETED_DEVICE_FAMILY = "1,2";
			};
			name = Debug;
		};
		84A2483D2859199F007EED94 /* Release */ = {
			isa = XCBuildConfiguration;
			baseConfigurationReference = 968330956C6E5467C4028CC9 /* Pods-PhotoMorph.release.xcconfig */;
			buildSettings = {
				ASSETCATALOG_COMPILER_APPICON_NAME = AppIcon;
				ASSETCATALOG_COMPILER_GLOBAL_ACCENT_COLOR_NAME = AccentColor;
				CODE_SIGN_STYLE = Automatic;
				CURRENT_PROJECT_VERSION = 1;
				DEVELOPMENT_TEAM = QD62J8ZP43;
				GENERATE_INFOPLIST_FILE = YES;
				INFOPLIST_FILE = PhotoMorph/Info.plist;
				INFOPLIST_KEY_NSCameraUsageDescription = "Разрешите доступ к камере";
				INFOPLIST_KEY_UIApplicationSupportsIndirectInputEvents = YES;
				INFOPLIST_KEY_UILaunchStoryboardName = LaunchScreen;
				INFOPLIST_KEY_UIMainStoryboardFile = Main;
				INFOPLIST_KEY_UISupportedInterfaceOrientations = "";
				INFOPLIST_KEY_UISupportedInterfaceOrientations_iPad = UIInterfaceOrientationPortrait;
				INFOPLIST_KEY_UISupportedInterfaceOrientations_iPhone = "UIInterfaceOrientationPortrait UIInterfaceOrientationLandscapeLeft UIInterfaceOrientationLandscapeRight";
				LD_RUNPATH_SEARCH_PATHS = (
					"$(inherited)",
					"@executable_path/Frameworks",
				);
				MARKETING_VERSION = 1.0;
				PRODUCT_BUNDLE_IDENTIFIER = alina.see.PhotoMorph;
				PRODUCT_NAME = "$(TARGET_NAME)";
				SWIFT_EMIT_LOC_STRINGS = YES;
				SWIFT_VERSION = 5.0;
				TARGETED_DEVICE_FAMILY = "1,2";
			};
			name = Release;
		};
/* End XCBuildConfiguration section */

/* Begin XCConfigurationList section */
		84A248222859199D007EED94 /* Build configuration list for PBXProject "PhotoMorph" */ = {
			isa = XCConfigurationList;
			buildConfigurations = (
				84A248392859199F007EED94 /* Debug */,
				84A2483A2859199F007EED94 /* Release */,
			);
			defaultConfigurationIsVisible = 0;
			defaultConfigurationName = Release;
		};
		84A2483B2859199F007EED94 /* Build configuration list for PBXNativeTarget "PhotoMorph" */ = {
			isa = XCConfigurationList;
			buildConfigurations = (
				84A2483C2859199F007EED94 /* Debug */,
				84A2483D2859199F007EED94 /* Release */,
			);
			defaultConfigurationIsVisible = 0;
			defaultConfigurationName = Release;
		};
/* End XCConfigurationList section */
	};
	rootObject = 84A2481F2859199D007EED94 /* Project object */;
}
